
Microsoft Visual Studio Solution File, Format Version 12.00
# Visual Studio 15
VisualStudioVersion = 15.0.27703.2000
MinimumVisualStudioVersion = 10.0.40219.1
Project("{FAE04EC0-301F-11D3-BF4B-00C04F79EFBC}") = "LiteProxy", "src\LiteProxy\LiteProxy.csproj", "{B56BD6F1-1B72-4998-AD7E-DFA73718E323}"
EndProject
Project("{FAE04EC0-301F-11D3-BF4B-00C04F79EFBC}") = "LiteProxyTests", "src\LiteProxyTests\LiteProxyTests.csproj", "{2BD59A00-B02C-4A10-8958-E8256B4D2C24}"
EndProject
Project("{2150E333-8FDC-42A3-9474-1A3956D46DE8}") = "Info", "Info", "{526F057F-07C4-42BB-95A5-3FE78E84300D}"
	ProjectSection(SolutionItems) = preProject
		LICENSE = LICENSE
		README.md = README.md
	EndProjectSection
EndProject
Global
	GlobalSection(SolutionConfigurationPlatforms) = preSolution
		Debug|Any CPU = Debug|Any CPU
		Release|Any CPU = Release|Any CPU
	EndGlobalSection
	GlobalSection(ProjectConfigurationPlatforms) = postSolution
		{B56BD6F1-1B72-4998-AD7E-DFA73718E323}.Debug|Any CPU.ActiveCfg = Debug|Any CPU
		{B56BD6F1-1B72-4998-AD7E-DFA73718E323}.Debug|Any CPU.Build.0 = Debug|Any CPU
		{B56BD6F1-1B72-4998-AD7E-DFA73718E323}.Release|Any CPU.ActiveCfg = Release|Any CPU
		{B56BD6F1-1B72-4998-AD7E-DFA73718E323}.Release|Any CPU.Build.0 = Release|Any CPU
		{2BD59A00-B02C-4A10-8958-E8256B4D2C24}.Debug|Any CPU.ActiveCfg = Debug|Any CPU
		{2BD59A00-B02C-4A10-8958-E8256B4D2C24}.Debug|Any CPU.Build.0 = Debug|Any CPU
		{2BD59A00-B02C-4A10-8958-E8256B4D2C24}.Release|Any CPU.ActiveCfg = Release|Any CPU
		{2BD59A00-B02C-4A10-8958-E8256B4D2C24}.Release|Any CPU.Build.0 = Release|Any CPU
	EndGlobalSection
	GlobalSection(SolutionProperties) = preSolution
		HideSolutionNode = FALSE
	EndGlobalSection
	GlobalSection(ExtensibilityGlobals) = postSolution
		SolutionGuid = {0CB85F45-E49F-4BEC-995D-37F3B376EC2C}
	EndGlobalSection
EndGlobal
